
Microsoft Visual Studio Solution File, Format Version 12.00
# Visual Studio Version 17
VisualStudioVersion = 17.2.32505.173
MinimumVisualStudioVersion = 10.0.40219.1
Project("{9A19103F-16F7-4668-BE54-9A1E7A4F7556}") = "MyAppWithDb", "MyAppWithDb\MyAppWithDb.csproj", "{F5BB1707-D17A-4C8F-B4D1-8EA42C29F538}"
EndProject
Project("{E53339B2-1760-4266-BCC7-CA923CBCF16C}") = "docker-compose", "docker-compose.dcproj", "{C30CED40-641F-48F5-A3A6-D73829B892FE}"
EndProject
Global
	GlobalSection(SolutionConfigurationPlatforms) = preSolution
		Debug|Any CPU = Debug|Any CPU
		Release|Any CPU = Release|Any CPU
	EndGlobalSection
	GlobalSection(ProjectConfigurationPlatforms) = postSolution
		{F5BB1707-D17A-4C8F-B4D1-8EA42C29F538}.Debug|Any CPU.ActiveCfg = Debug|Any CPU
		{F5BB1707-D17A-4C8F-B4D1-8EA42C29F538}.Debug|Any CPU.Build.0 = Debug|Any CPU
		{F5BB1707-D17A-4C8F-B4D1-8EA42C29F538}.Release|Any CPU.ActiveCfg = Release|Any CPU
		{F5BB1707-D17A-4C8F-B4D1-8EA42C29F538}.Release|Any CPU.Build.0 = Release|Any CPU
		{C30CED40-641F-48F5-A3A6-D73829B892FE}.Debug|Any CPU.ActiveCfg = Debug|Any CPU
		{C30CED40-641F-48F5-A3A6-D73829B892FE}.Debug|Any CPU.Build.0 = Debug|Any CPU
		{C30CED40-641F-48F5-A3A6-D73829B892FE}.Release|Any CPU.ActiveCfg = Release|Any CPU
		{C30CED40-641F-48F5-A3A6-D73829B892FE}.Release|Any CPU.Build.0 = Release|Any CPU
	EndGlobalSection
	GlobalSection(SolutionProperties) = preSolution
		HideSolutionNode = FALSE
	EndGlobalSection
	GlobalSection(ExtensibilityGlobals) = postSolution
		SolutionGuid = {C638019E-CA5E-42BC-ADFA-1D1335556B50}
	EndGlobalSection
EndGlobal
